
Microsoft Visual Studio Solution File, Format Version 12.00
# Visual Studio Version 16
VisualStudioVersion = 16.0.30611.23
MinimumVisualStudioVersion = 10.0.40219.1
Project("{FAE04EC0-301F-11D3-BF4B-00C04F79EFBC}") = "OefenenTentamen", "OefenenTentamen\OefenenTentamen.csproj", "{58CD7E4A-4474-4D13-AF5C-BC5534891BC4}"
EndProject
Global
	GlobalSection(SolutionConfigurationPlatforms) = preSolution
		Debug|Any CPU = Debug|Any CPU
		Release|Any CPU = Release|Any CPU
	EndGlobalSection
	GlobalSection(ProjectConfigurationPlatforms) = postSolution
		{58CD7E4A-4474-4D13-AF5C-BC5534891BC4}.Debug|Any CPU.ActiveCfg = Debug|Any CPU
		{58CD7E4A-4474-4D13-AF5C-BC5534891BC4}.Debug|Any CPU.Build.0 = Debug|Any CPU
		{58CD7E4A-4474-4D13-AF5C-BC5534891BC4}.Release|Any CPU.ActiveCfg = Release|Any CPU
		{58CD7E4A-4474-4D13-AF5C-BC5534891BC4}.Release|Any CPU.Build.0 = Release|Any CPU
	EndGlobalSection
	GlobalSection(SolutionProperties) = preSolution
		HideSolutionNode = FALSE
	EndGlobalSection
	GlobalSection(ExtensibilityGlobals) = postSolution
		SolutionGuid = {DC8C1B36-A651-488B-B6DA-C47A5BC04537}
	EndGlobalSection
EndGlobal
